{
  "name": "test-plugin",
  "version": "1.0.0",
  "lockfileVersion": 1,
  "requires": true,
  "dependencies": {
    "@figma/plugin-typings": {
      "version": "1.19.1",
      "resolved": "https://registry.npmjs.org/@figma/plugin-typings/-/plugin-typings-1.19.1.tgz",
      "integrity": "sha512-hraStXkhLm76nSYmJMvZDHLrolvi2ii5IJd6JI6s/1Owzm2oT8PwnKHDHIMu/OBFxtK335w1ASARn6BmWcKShw==",
      "dev": true
    }
  }
}
